
Microsoft Visual Studio Solution File, Format Version 12.00
# Visual Studio Version 16
VisualStudioVersion = 16.0.31105.61
MinimumVisualStudioVersion = 10.0.40219.1
Project("{9A19103F-16F7-4668-BE54-9A1E7A4F7556}") = "PixSmith.BenfordsLaw.CSharp.Services", "PixSmith.BenfordLaw\PixSmith.BenfordsLaw.CSharp.Services.csproj", "{EBDA3384-4089-4AB9-A978-FA60D1B7BE95}"
EndProject
Project("{9A19103F-16F7-4668-BE54-9A1E7A4F7556}") = "PixSmith.BenfordsLaw.CSharp.UnitTests", "PixSmith.BenfordLaw.UnitTests\PixSmith.BenfordsLaw.CSharp.UnitTests.csproj", "{3B612E21-9076-46D3-85B5-2291EF616E2E}"
EndProject
Project("{9A19103F-16F7-4668-BE54-9A1E7A4F7556}") = "PixSmith.BenfordsLaw.CSharp.Domain", "PixSmith.BenfordLaw.Domain\PixSmith.BenfordsLaw.CSharp.Domain.csproj", "{C905B335-D809-4DFE-8945-BB33DD763087}"
EndProject
Global
	GlobalSection(SolutionConfigurationPlatforms) = preSolution
		Debug|Any CPU = Debug|Any CPU
		Release|Any CPU = Release|Any CPU
	EndGlobalSection
	GlobalSection(ProjectConfigurationPlatforms) = postSolution
		{EBDA3384-4089-4AB9-A978-FA60D1B7BE95}.Debug|Any CPU.ActiveCfg = Debug|Any CPU
		{EBDA3384-4089-4AB9-A978-FA60D1B7BE95}.Debug|Any CPU.Build.0 = Debug|Any CPU
		{EBDA3384-4089-4AB9-A978-FA60D1B7BE95}.Release|Any CPU.ActiveCfg = Release|Any CPU
		{EBDA3384-4089-4AB9-A978-FA60D1B7BE95}.Release|Any CPU.Build.0 = Release|Any CPU
		{3B612E21-9076-46D3-85B5-2291EF616E2E}.Debug|Any CPU.ActiveCfg = Debug|Any CPU
		{3B612E21-9076-46D3-85B5-2291EF616E2E}.Debug|Any CPU.Build.0 = Debug|Any CPU
		{3B612E21-9076-46D3-85B5-2291EF616E2E}.Release|Any CPU.ActiveCfg = Release|Any CPU
		{3B612E21-9076-46D3-85B5-2291EF616E2E}.Release|Any CPU.Build.0 = Release|Any CPU
		{C905B335-D809-4DFE-8945-BB33DD763087}.Debug|Any CPU.ActiveCfg = Debug|Any CPU
		{C905B335-D809-4DFE-8945-BB33DD763087}.Debug|Any CPU.Build.0 = Debug|Any CPU
		{C905B335-D809-4DFE-8945-BB33DD763087}.Release|Any CPU.ActiveCfg = Release|Any CPU
		{C905B335-D809-4DFE-8945-BB33DD763087}.Release|Any CPU.Build.0 = Release|Any CPU
	EndGlobalSection
	GlobalSection(SolutionProperties) = preSolution
		HideSolutionNode = FALSE
	EndGlobalSection
	GlobalSection(ExtensibilityGlobals) = postSolution
		SolutionGuid = {06E8E04E-9DBA-4077-81BD-1E0B8C66A089}
	EndGlobalSection
EndGlobal
